// !$*UTF8*$!
{
	archiveVersion = 1;
	classes = {
	};
	objectVersion = 50;
	objects = {

/* Begin PBXBuildFile section */
		9CBCF3F7213873100015C526 /* AppDelegate.swift in Sources */ = {isa = PBXBuildFile; fileRef = 9CBCF3F6213873100015C526 /* AppDelegate.swift */; };
		9CBCF3F9213873100015C526 /* ViewController.swift in Sources */ = {isa = PBXBuildFile; fileRef = 9CBCF3F8213873100015C526 /* ViewController.swift */; };
		9CBCF3FC213873100015C526 /* Main.storyboard in Resources */ = {isa = PBXBuildFile; fileRef = 9CBCF3FA213873100015C526 /* Main.storyboard */; };
		9CBCF3FF213873100015C526 /* CocoaPods_TestProject.xcdatamodeld in Sources */ = {isa = PBXBuildFile; fileRef = 9CBCF3FD213873100015C526 /* CocoaPods_TestProject.xcdatamodeld */; };
		9CBCF401213873120015C526 /* Assets.xcassets in Resources */ = {isa = PBXBuildFile; fileRef = 9CBCF400213873120015C526 /* Assets.xcassets */; };
		9CBCF404213873120015C526 /* LaunchScreen.storyboard in Resources */ = {isa = PBXBuildFile; fileRef = 9CBCF402213873120015C526 /* LaunchScreen.storyboard */; };
/* End PBXBuildFile section */

/* Begin PBXFileReference section */
		9CBCF3F3213873100015C526 /* CocoaPods_TestProject.app */ = {isa = PBXFileReference; explicitFileType = wrapper.application; includeInIndex = 0; path = CocoaPods_TestProject.app; sourceTree = BUILT_PRODUCTS_DIR; };
		9CBCF3F6213873100015C526 /* AppDelegate.swift */ = {isa = PBXFileReference; lastKnownFileType = sourcecode.swift; path = AppDelegate.swift; sourceTree = "<group>"; };
		9CBCF3F8213873100015C526 /* ViewController.swift */ = {isa = PBXFileReference; lastKnownFileType = sourcecode.swift; path = ViewController.swift; sourceTree = "<group>"; };
		9CBCF3FB213873100015C526 /* Base */ = {isa = PBXFileReference; lastKnownFileType = file.storyboard; name = Base; path = Base.lproj/Main.storyboard; sourceTree = "<group>"; };
		9CBCF3FE213873100015C526 /* CocoaPods_TestProject.xcdatamodel */ = {isa = PBXFileReference; lastKnownFileType = wrapper.xcdatamodel; path = CocoaPods_TestProject.xcdatamodel; sourceTree = "<group>"; };
		9CBCF400213873120015C526 /* Assets.xcassets */ = {isa = PBXFileReference; lastKnownFileType = folder.assetcatalog; path = Assets.xcassets; sourceTree = "<group>"; };
		9CBCF403213873120015C526 /* Base */ = {isa = PBXFileReference; lastKnownFileType = file.storyboard; name = Base; path = Base.lproj/LaunchScreen.storyboard; sourceTree = "<group>"; };
		9CBCF405213873120015C526 /* Info.plist */ = {isa = PBXFileReference; lastKnownFileType = text.plist.xml; path = Info.plist; sourceTree = "<group>"; };
/* End PBXFileReference section */

/* Begin PBXFrameworksBuildPhase section */
		9CBCF3F0213873100015C526 /* Frameworks */ = {
			isa = PBXFrameworksBuildPhase;
			buildActionMask = 2147483647;
			files = (
			);
			runOnlyForDeploymentPostprocessing = 0;
		};
/* End PBXFrameworksBuildPhase section */

/* Begin PBXGroup section */
		9CBCF3EA213873100015C526 = {
			isa = PBXGroup;
			children = (
				9CBCF3F5213873100015C526 /* CocoaPods_TestProject */,
				9CBCF3F4213873100015C526 /* Products */,
			);
			sourceTree = "<group>";
		};
		9CBCF3F4213873100015C526 /* Products */ = {
			isa = PBXGroup;
			children = (
				9CBCF3F3213873100015C526 /* CocoaPods_TestProject.app */,
			);
			name = Products;
			sourceTree = "<group>";
		};
		9CBCF3F5213873100015C526 /* CocoaPods_TestProject */ = {
			isa = PBXGroup;
			children = (
				9CBCF3F6213873100015C526 /* AppDelegate.swift */,
				9CBCF3F8213873100015C526 /* ViewController.swift */,
				9CBCF3FA213873100015C526 /* Main.storyboard */,
				9CBCF400213873120015C526 /* Assets.xcassets */,
				9CBCF402213873120015C526 /* LaunchScreen.storyboard */,
				9CBCF405213873120015C526 /* Info.plist */,
				9CBCF3FD213873100015C526 /* CocoaPods_TestProject.xcdatamodeld */,
			);
			path = CocoaPods_TestProject;
			sourceTree = "<group>";
		};
/* End PBXGroup section */

/* Begin PBXNativeTarget section */
		9CBCF3F2213873100015C526 /* CocoaPods_TestProject */ = {
			isa = PBXNativeTarget;
			buildConfigurationList = 9CBCF408213873120015C526 /* Build configuration list for PBXNativeTarget "CocoaPods_TestProject" */;
			buildPhases = (
				9CBCF3EF213873100015C526 /* Sources */,
				9CBCF3F0213873100015C526 /* Frameworks */,
				9CBCF3F1213873100015C526 /* Resources */,
			);
			buildRules = (
			);
			dependencies = (
			);
			name = CocoaPods_TestProject;
			productName = CocoaPods_TestProject;
			productReference = 9CBCF3F3213873100015C526 /* CocoaPods_TestProject.app */;
			productType = "com.apple.product-type.application";
		};
/* End PBXNativeTarget section */

/* Begin PBXProject section */
		9CBCF3EB213873100015C526 /* Project object */ = {
			isa = PBXProject;
			attributes = {
				LastSwiftUpdateCheck = 0940;
				LastUpgradeCheck = 0940;
				TargetAttributes = {
					9CBCF3F2213873100015C526 = {
						CreatedOnToolsVersion = 9.4.1;
					};
				};
			};
			buildConfigurationList = 9CBCF3EE213873100015C526 /* Build configuration list for PBXProject "CocoaPods_TestProject" */;
			compatibilityVersion = "Xcode 9.3";
			developmentRegion = en;
			hasScannedForEncodings = 0;
			knownRegions = (
				en,
				Base,
			);
			mainGroup = 9CBCF3EA213873100015C526;
			productRefGroup = 9CBCF3F4213873100015C526 /* Products */;
			projectDirPath = "";
			projectRoot = "";
			targets = (
				9CBCF3F2213873100015C526 /* CocoaPods_TestProject */,
			);
		};
/* End PBXProject section */

/* Begin PBXResourcesBuildPhase section */
		9CBCF3F1213873100015C526 /* Resources */ = {
			isa = PBXResourcesBuildPhase;
			buildActionMask = 2147483647;
			files = (
				9CBCF404213873120015C526 /* LaunchScreen.storyboard in Resources */,
				9CBCF401213873120015C526 /* Assets.xcassets in Resources */,
				9CBCF3FC213873100015C526 /* Main.storyboard in Resources */,
			);
			runOnlyForDeploymentPostprocessing = 0;
		};
/* End PBXResourcesBuildPhase section */

/* Begin PBXSourcesBuildPhase section */
		9CBCF3EF213873100015C526 /* Sources */ = {
			isa = PBXSourcesBuildPhase;
			buildActionMask = 2147483647;
			files = (
				9CBCF3F9213873100015C526 /* ViewController.swift in Sources */,
				9CBCF3F7213873100015C526 /* AppDelegate.swift in Sources */,
				9CBCF3FF213873100015C526 /* CocoaPods_TestProject.xcdatamodeld in Sources */,
			);
			runOnlyForDeploymentPostprocessing = 0;
		};
/* End PBXSourcesBuildPhase section */

/* Begin PBXVariantGroup section */
		9CBCF3FA213873100015C526 /* Main.storyboard */ = {
			isa = PBXVariantGroup;
			children = (
				9CBCF3FB213873100015C526 /* Base */,
			);
			name = Main.storyboard;
			sourceTree = "<group>";
		};
		9CBCF402213873120015C526 /* LaunchScreen.storyboard */ = {
			isa = PBXVariantGroup;
			children = (
				9CBCF403213873120015C526 /* Base */,
			);
			name = LaunchScreen.storyboard;
			sourceTree = "<group>";
		};
/* End PBXVariantGroup section */

/* Begin XCBuildConfiguration section */
		9CBCF406213873120015C526 /* Debug */ = {
			isa = XCBuildConfiguration;
			buildSettings = {
				ALWAYS_SEARCH_USER_PATHS = NO;
				CLANG_ANALYZER_NONNULL = YES;
				CLANG_ANALYZER_NUMBER_OBJECT_CONVERSION = YES_AGGRESSIVE;
				CLANG_CXX_LANGUAGE_STANDARD = "gnu++14";
				CLANG_CXX_LIBRARY = "libc++";
				CLANG_ENABLE_MODULES = YES;
				CLANG_ENABLE_OBJC_ARC = YES;
				CLANG_ENABLE_OBJC_WEAK = YES;
				CLANG_WARN_BLOCK_CAPTURE_AUTORELEASING = YES;
				CLANG_WARN_BOOL_CONVERSION = YES;
				CLANG_WARN_COMMA = YES;
				CLANG_WARN_CONSTANT_CONVERSION = YES;
				CLANG_WARN_DEPRECATED_OBJC_IMPLEMENTATIONS = YES;
				CLANG_WARN_DIRECT_OBJC_ISA_USAGE = YES_ERROR;
				CLANG_WARN_DOCUMENTATION_COMMENTS = YES;
				CLANG_WARN_EMPTY_BODY = YES;
				CLANG_WARN_ENUM_CONVERSION = YES;
				CLANG_WARN_INFINITE_RECURSION = YES;
				CLANG_WARN_INT_CONVERSION = YES;
				CLANG_WARN_NON_LITERAL_NULL_CONVERSION = YES;
				CLANG_WARN_OBJC_IMPLICIT_RETAIN_SELF = YES;
				CLANG_WARN_OBJC_LITERAL_CONVERSION = YES;
				CLANG_WARN_OBJC_ROOT_CLASS = YES_ERROR;
				CLANG_WARN_RANGE_LOOP_ANALYSIS = YES;
				CLANG_WARN_STRICT_PROTOTYPES = YES;
				CLANG_WARN_SUSPICIOUS_MOVE = YES;
				CLANG_WARN_UNGUARDED_AVAILABILITY = YES_AGGRESSIVE;
				CLANG_WARN_UNREACHABLE_CODE = YES;
				CLANG_WARN__DUPLICATE_METHOD_MATCH = YES;
				CODE_SIGN_IDENTITY = "iPhone Developer";
				COPY_PHASE_STRIP = NO;
				DEBUG_INFORMATION_FORMAT = dwarf;
				ENABLE_STRICT_OBJC_MSGSEND = YES;
				ENABLE_TESTABILITY = YES;
				GCC_C_LANGUAGE_STANDARD = gnu11;
				GCC_DYNAMIC_NO_PIC = NO;
				GCC_NO_COMMON_BLOCKS = YES;
				GCC_OPTIMIZATION_LEVEL = 0;
				GCC_PREPROCESSOR_DEFINITIONS = (
					"DEBUG=1",
					"$(inherited)",
				);
				GCC_WARN_64_TO_32_BIT_CONVERSION = YES;
				GCC_WARN_ABOUT_RETURN_TYPE = YES_ERROR;
				GCC_WARN_UNDECLARED_SELECTOR = YES;
				GCC_WARN_UNINITIALIZED_AUTOS = YES_AGGRESSIVE;
				GCC_WARN_UNUSED_FUNCTION = YES;
				GCC_WARN_UNUSED_VARIABLE = YES;
				IPHONEOS_DEPLOYMENT_TARGET = 11.4;
				MTL_ENABLE_DEBUG_INFO = YES;
				ONLY_ACTIVE_ARCH = YES;
				SDKROOT = iphoneos;
				SWIFT_ACTIVE_COMPILATION_CONDITIONS = DEBUG;
				SWIFT_OPTIMIZATION_LEVEL = "-Onone";
			};
			name = Debug;
		};
		9CBCF407213873120015C526 /* Release */ = {
			isa = XCBuildConfiguration;
			buildSettings = {
				ALWAYS_SEARCH_USER_PATHS = NO;
				CLANG_ANALYZER_NONNULL = YES;
				CLANG_ANALYZER_NUMBER_OBJECT_CONVERSION = YES_AGGRESSIVE;
				CLANG_CXX_LANGUAGE_STANDARD = "gnu++14";
				CLANG_CXX_LIBRARY = "libc++";
				CLANG_ENABLE_MODULES = YES;
				CLANG_ENABLE_OBJC_ARC = YES;
				CLANG_ENABLE_OBJC_WEAK = YES;
				CLANG_WARN_BLOCK_CAPTURE_AUTORELEASING = YES;
				CLANG_WARN_BOOL_CONVERSION = YES;
				CLANG_WARN_COMMA = YES;
				CLANG_WARN_CONSTANT_CONVERSION = YES;
				CLANG_WARN_DEPRECATED_OBJC_IMPLEMENTATIONS = YES;
				CLANG_WARN_DIRECT_OBJC_ISA_USAGE = YES_ERROR;
				CLANG_WARN_DOCUMENTATION_COMMENTS = YES;
				CLANG_WARN_EMPTY_BODY = YES;
				CLANG_WARN_ENUM_CONVERSION = YES;
				CLANG_WARN_INFINITE_RECURSION = YES;
				CLANG_WARN_INT_CONVERSION = YES;
				CLANG_WARN_NON_LITERAL_NULL_CONVERSION = YES;
				CLANG_WARN_OBJC_IMPLICIT_RETAIN_SELF = YES;
				CLANG_WARN_OBJC_LITERAL_CONVERSION = YES;
				CLANG_WARN_OBJC_ROOT_CLASS = YES_ERROR;
				CLANG_WARN_RANGE_LOOP_ANALYSIS = YES;
				CLANG_WARN_STRICT_PROTOTYPES = YES;
				CLANG_WARN_SUSPICIOUS_MOVE = YES;
				CLANG_WARN_UNGUARDED_AVAILABILITY = YES_AGGRESSIVE;
				CLANG_WARN_UNREACHABLE_CODE = YES;
				CLANG_WARN__DUPLICATE_METHOD_MATCH = YES;
				CODE_SIGN_IDENTITY = "iPhone Developer";
				COPY_PHASE_STRIP = NO;
				DEBUG_INFORMATION_FORMAT = "dwarf-with-dsym";
				ENABLE_NS_ASSERTIONS = NO;
				ENABLE_STRICT_OBJC_MSGSEND = YES;
				GCC_C_LANGUAGE_STANDARD = gnu11;
				GCC_NO_COMMON_BLOCKS = YES;
				GCC_WARN_64_TO_32_BIT_CONVERSION = YES;
				GCC_WARN_ABOUT_RETURN_TYPE = YES_ERROR;
				GCC_WARN_UNDECLARED_SELECTOR = YES;
				GCC_WARN_UNINITIALIZED_AUTOS = YES_AGGRESSIVE;
				GCC_WARN_UNUSED_FUNCTION = YES;
				GCC_WARN_UNUSED_VARIABLE = YES;
				IPHONEOS_DEPLOYMENT_TARGET = 11.4;
				MTL_ENABLE_DEBUG_INFO = NO;
				SDKROOT = iphoneos;
				SWIFT_COMPILATION_MODE = wholemodule;
				SWIFT_OPTIMIZATION_LEVEL = "-O";
				VALIDATE_PRODUCT = YES;
			};
			name = Release;
		};
		9CBCF409213873120015C526 /* Debug */ = {
			isa = XCBuildConfiguration;
			buildSettings = {
				ASSETCATALOG_COMPILER_APPICON_NAME = AppIcon;
				CODE_SIGN_STYLE = Automatic;
				DEVELOPMENT_TEAM = YB7VQWYJV2;
				INFOPLIST_FILE = CocoaPods_TestProject/Info.plist;
				LD_RUNPATH_SEARCH_PATHS = (
					"$(inherited)",
					"@executable_path/Frameworks",
				);
				PRODUCT_BUNDLE_IDENTIFIER = "com.cc.CocoaPods-TestProject";
				PRODUCT_NAME = "$(TARGET_NAME)";
				SWIFT_VERSION = 4.0;
				TARGETED_DEVICE_FAMILY = "1,2";
			};
			name = Debug;
		};
		9CBCF40A213873120015C526 /* Release */ = {
			isa = XCBuildConfiguration;
			buildSettings = {
				ASSETCATALOG_COMPILER_APPICON_NAME = AppIcon;
				CODE_SIGN_STYLE = Automatic;
				DEVELOPMENT_TEAM = YB7VQWYJV2;
				INFOPLIST_FILE = CocoaPods_TestProject/Info.plist;
				LD_RUNPATH_SEARCH_PATHS = (
					"$(inherited)",
					"@executable_path/Frameworks",
				);
				PRODUCT_BUNDLE_IDENTIFIER = "com.cc.CocoaPods-TestProject";
				PRODUCT_NAME = "$(TARGET_NAME)";
				SWIFT_VERSION = 4.0;
				TARGETED_DEVICE_FAMILY = "1,2";
			};
			name = Release;
		};
/* End XCBuildConfiguration section */

/* Begin XCConfigurationList section */
		9CBCF3EE213873100015C526 /* Build configuration list for PBXProject "CocoaPods_TestProject" */ = {
			isa = XCConfigurationList;
			buildConfigurations = (
				9CBCF406213873120015C526 /* Debug */,
				9CBCF407213873120015C526 /* Release */,
			);
			defaultConfigurationIsVisible = 0;
			defaultConfigurationName = Release;
		};
		9CBCF408213873120015C526 /* Build configuration list for PBXNativeTarget "CocoaPods_TestProject" */ = {
			isa = XCConfigurationList;
			buildConfigurations = (
				9CBCF409213873120015C526 /* Debug */,
				9CBCF40A213873120015C526 /* Release */,
			);
			defaultConfigurationIsVisible = 0;
			defaultConfigurationName = Release;
		};
/* End XCConfigurationList section */

/* Begin XCVersionGroup section */
		9CBCF3FD213873100015C526 /* CocoaPods_TestProject.xcdatamodeld */ = {
			isa = XCVersionGroup;
			children = (
				9CBCF3FE213873100015C526 /* CocoaPods_TestProject.xcdatamodel */,
			);
			currentVersion = 9CBCF3FE213873100015C526 /* CocoaPods_TestProject.xcdatamodel */;
			path = CocoaPods_TestProject.xcdatamodeld;
			sourceTree = "<group>";
			versionGroupType = wrapper.xcdatamodel;
		};
/* End XCVersionGroup section */
	};
	rootObject = 9CBCF3EB213873100015C526 /* Project object */;
}
